
Microsoft Visual Studio Solution File, Format Version 12.00
# Visual Studio Version 17
VisualStudioVersion = 17.5.33516.290
MinimumVisualStudioVersion = 10.0.40219.1
Project("{FAE04EC0-301F-11D3-BF4B-00C04F79EFBC}") = "snake&ladderassigment", "snake&ladderassigment\snake&ladderassigment.csproj", "{0C876F51-D855-4E52-8ABC-8DA44E2B646D}"
EndProject
Global
	GlobalSection(SolutionConfigurationPlatforms) = preSolution
		Debug|Any CPU = Debug|Any CPU
		Release|Any CPU = Release|Any CPU
	EndGlobalSection
	GlobalSection(ProjectConfigurationPlatforms) = postSolution
		{0C876F51-D855-4E52-8ABC-8DA44E2B646D}.Debug|Any CPU.ActiveCfg = Debug|Any CPU
		{0C876F51-D855-4E52-8ABC-8DA44E2B646D}.Debug|Any CPU.Build.0 = Debug|Any CPU
		{0C876F51-D855-4E52-8ABC-8DA44E2B646D}.Release|Any CPU.ActiveCfg = Release|Any CPU
		{0C876F51-D855-4E52-8ABC-8DA44E2B646D}.Release|Any CPU.Build.0 = Release|Any CPU
	EndGlobalSection
	GlobalSection(SolutionProperties) = preSolution
		HideSolutionNode = FALSE
	EndGlobalSection
	GlobalSection(ExtensibilityGlobals) = postSolution
		SolutionGuid = {84F7DDF9-FD4D-4DEF-BF20-D6DDFA9D6C3B}
	EndGlobalSection
EndGlobal
